
Microsoft Visual Studio Solution File, Format Version 12.00
# Visual Studio Version 17
VisualStudioVersion = 17.10.34916.146
MinimumVisualStudioVersion = 10.0.40219.1
Project("{8BC9CEB8-8B4A-11D0-8D11-00A0C91BC942}") = "01_01_'Node'라는 용어에 대해", "01_01_'Node'라는 용어에 대해\01_01_'Node'라는 용어에 대해.vcxproj", "{716AC20E-A97E-47D4-99E0-10F890C29F76}"
EndProject
Project("{8BC9CEB8-8B4A-11D0-8D11-00A0C91BC942}") = "01_02_배열기반 선형 구조의 특징과 장단점", "01_02_배열기반 선형 구조의 특징과 장단점\01_02_배열기반 선형 구조의 특징과 장단점.vcxproj", "{EA1B63DA-9369-460F-8DC9-E04C84359FE2}"
EndProject
Project("{8BC9CEB8-8B4A-11D0-8D11-00A0C91BC942}") = "01_03_자료구조에 대한 가시성 확보와 메모리 디버깅", "01_03_자료구조에 대한 가시성 확보와 메모리 디버깅\01_03_자료구조에 대한 가시성 확보와 메모리 디버깅.vcxproj", "{B4383B7A-B845-4C7E-966A-140EE65CA009}"
EndProject
Project("{8BC9CEB8-8B4A-11D0-8D11-00A0C91BC942}") = "01_06_CLI UI적용(분할 컴파일과 이벤트 루프)", "01_06_CLI UI적용(분할 컴파일과 이벤트 루프)\01_06_CLI UI적용(분할 컴파일과 이벤트 루프).vcxproj", "{ACCD3876-185E-436F-A428-490440BA16E8}"
EndProject
Project("{8BC9CEB8-8B4A-11D0-8D11-00A0C91BC942}") = "02_단일 연결 리스트(single linked list)", "02_단일 연결 리스트(single linked list)\02_단일 연결 리스트(single linked list).vcxproj", "{2CDFE578-E307-47DF-8CC1-9E9BC8BF363A}"
EndProject
Project("{8BC9CEB8-8B4A-11D0-8D11-00A0C91BC942}") = "03_01_더미 노드 방식 연결 리스트", "03_더미 노드 방식 연결 리스트\03_더미 노드 방식 연결 리스트.vcxproj", "{C47699F1-8EE9-4EEE-9736-EC8EB65A90BE}"
EndProject
Project("{8BC9CEB8-8B4A-11D0-8D11-00A0C91BC942}") = "03_02_2중 연결 리스트(double linked list)", "03_02_2중 연결 리스트(double linked list)\03_02_2중 연결 리스트(double linked list).vcxproj", "{05353C27-5DDD-4FEB-AC34-4A03EF4EA3BE}"
EndProject
Project("{8BC9CEB8-8B4A-11D0-8D11-00A0C91BC942}") = "03_04_연결 리스트와 UI코드 분할", "03_04_연결 리스트와 UI코드 분할\03_04_연결 리스트와 UI코드 분할.vcxproj", "{959A66CF-CEF9-4D09-9A07-03AE450EA664}"
EndProject
Project("{8BC9CEB8-8B4A-11D0-8D11-00A0C91BC942}") = "04_자료 정렬과 인덱스 관리", "04_자료 정렬과 인덱스 관리\04_자료 정렬과 인덱스 관리.vcxproj", "{B483D8DE-B2D9-452C-A6B7-E49C6AB14BC2}"
EndProject
Global
	GlobalSection(SolutionConfigurationPlatforms) = preSolution
		Debug|x64 = Debug|x64
		Debug|x86 = Debug|x86
		Release|x64 = Release|x64
		Release|x86 = Release|x86
	EndGlobalSection
	GlobalSection(ProjectConfigurationPlatforms) = postSolution
		{716AC20E-A97E-47D4-99E0-10F890C29F76}.Debug|x64.ActiveCfg = Debug|x64
		{716AC20E-A97E-47D4-99E0-10F890C29F76}.Debug|x64.Build.0 = Debug|x64
		{716AC20E-A97E-47D4-99E0-10F890C29F76}.Debug|x86.ActiveCfg = Debug|Win32
		{716AC20E-A97E-47D4-99E0-10F890C29F76}.Debug|x86.Build.0 = Debug|Win32
		{716AC20E-A97E-47D4-99E0-10F890C29F76}.Release|x64.ActiveCfg = Release|x64
		{716AC20E-A97E-47D4-99E0-10F890C29F76}.Release|x64.Build.0 = Release|x64
		{716AC20E-A97E-47D4-99E0-10F890C29F76}.Release|x86.ActiveCfg = Release|Win32
		{716AC20E-A97E-47D4-99E0-10F890C29F76}.Release|x86.Build.0 = Release|Win32
		{EA1B63DA-9369-460F-8DC9-E04C84359FE2}.Debug|x64.ActiveCfg = Debug|x64
		{EA1B63DA-9369-460F-8DC9-E04C84359FE2}.Debug|x64.Build.0 = Debug|x64
		{EA1B63DA-9369-460F-8DC9-E04C84359FE2}.Debug|x86.ActiveCfg = Debug|Win32
		{EA1B63DA-9369-460F-8DC9-E04C84359FE2}.Debug|x86.Build.0 = Debug|Win32
		{EA1B63DA-9369-460F-8DC9-E04C84359FE2}.Release|x64.ActiveCfg = Release|x64
		{EA1B63DA-9369-460F-8DC9-E04C84359FE2}.Release|x64.Build.0 = Release|x64
		{EA1B63DA-9369-460F-8DC9-E04C84359FE2}.Release|x86.ActiveCfg = Release|Win32
		{EA1B63DA-9369-460F-8DC9-E04C84359FE2}.Release|x86.Build.0 = Release|Win32
		{B4383B7A-B845-4C7E-966A-140EE65CA009}.Debug|x64.ActiveCfg = Debug|x64
		{B4383B7A-B845-4C7E-966A-140EE65CA009}.Debug|x64.Build.0 = Debug|x64
		{B4383B7A-B845-4C7E-966A-140EE65CA009}.Debug|x86.ActiveCfg = Debug|Win32
		{B4383B7A-B845-4C7E-966A-140EE65CA009}.Debug|x86.Build.0 = Debug|Win32
		{B4383B7A-B845-4C7E-966A-140EE65CA009}.Release|x64.ActiveCfg = Release|x64
		{B4383B7A-B845-4C7E-966A-140EE65CA009}.Release|x64.Build.0 = Release|x64
		{B4383B7A-B845-4C7E-966A-140EE65CA009}.Release|x86.ActiveCfg = Release|Win32
		{B4383B7A-B845-4C7E-966A-140EE65CA009}.Release|x86.Build.0 = Release|Win32
		{ACCD3876-185E-436F-A428-490440BA16E8}.Debug|x64.ActiveCfg = Debug|x64
		{ACCD3876-185E-436F-A428-490440BA16E8}.Debug|x64.Build.0 = Debug|x64
		{ACCD3876-185E-436F-A428-490440BA16E8}.Debug|x86.ActiveCfg = Debug|Win32
		{ACCD3876-185E-436F-A428-490440BA16E8}.Debug|x86.Build.0 = Debug|Win32
		{ACCD3876-185E-436F-A428-490440BA16E8}.Release|x64.ActiveCfg = Release|x64
		{ACCD3876-185E-436F-A428-490440BA16E8}.Release|x64.Build.0 = Release|x64
		{ACCD3876-185E-436F-A428-490440BA16E8}.Release|x86.ActiveCfg = Release|Win32
		{ACCD3876-185E-436F-A428-490440BA16E8}.Release|x86.Build.0 = Release|Win32
		{2CDFE578-E307-47DF-8CC1-9E9BC8BF363A}.Debug|x64.ActiveCfg = Debug|x64
		{2CDFE578-E307-47DF-8CC1-9E9BC8BF363A}.Debug|x64.Build.0 = Debug|x64
		{2CDFE578-E307-47DF-8CC1-9E9BC8BF363A}.Debug|x86.ActiveCfg = Debug|Win32
		{2CDFE578-E307-47DF-8CC1-9E9BC8BF363A}.Debug|x86.Build.0 = Debug|Win32
		{2CDFE578-E307-47DF-8CC1-9E9BC8BF363A}.Release|x64.ActiveCfg = Release|x64
		{2CDFE578-E307-47DF-8CC1-9E9BC8BF363A}.Release|x64.Build.0 = Release|x64
		{2CDFE578-E307-47DF-8CC1-9E9BC8BF363A}.Release|x86.ActiveCfg = Release|Win32
		{2CDFE578-E307-47DF-8CC1-9E9BC8BF363A}.Release|x86.Build.0 = Release|Win32
		{C47699F1-8EE9-4EEE-9736-EC8EB65A90BE}.Debug|x64.ActiveCfg = Debug|x64
		{C47699F1-8EE9-4EEE-9736-EC8EB65A90BE}.Debug|x64.Build.0 = Debug|x64
		{C47699F1-8EE9-4EEE-9736-EC8EB65A90BE}.Debug|x86.ActiveCfg = Debug|Win32
		{C47699F1-8EE9-4EEE-9736-EC8EB65A90BE}.Debug|x86.Build.0 = Debug|Win32
		{C47699F1-8EE9-4EEE-9736-EC8EB65A90BE}.Release|x64.ActiveCfg = Release|x64
		{C47699F1-8EE9-4EEE-9736-EC8EB65A90BE}.Release|x64.Build.0 = Release|x64
		{C47699F1-8EE9-4EEE-9736-EC8EB65A90BE}.Release|x86.ActiveCfg = Release|Win32
		{C47699F1-8EE9-4EEE-9736-EC8EB65A90BE}.Release|x86.Build.0 = Release|Win32
		{05353C27-5DDD-4FEB-AC34-4A03EF4EA3BE}.Debug|x64.ActiveCfg = Debug|x64
		{05353C27-5DDD-4FEB-AC34-4A03EF4EA3BE}.Debug|x64.Build.0 = Debug|x64
		{05353C27-5DDD-4FEB-AC34-4A03EF4EA3BE}.Debug|x86.ActiveCfg = Debug|Win32
		{05353C27-5DDD-4FEB-AC34-4A03EF4EA3BE}.Debug|x86.Build.0 = Debug|Win32
		{05353C27-5DDD-4FEB-AC34-4A03EF4EA3BE}.Release|x64.ActiveCfg = Release|x64
		{05353C27-5DDD-4FEB-AC34-4A03EF4EA3BE}.Release|x64.Build.0 = Release|x64
		{05353C27-5DDD-4FEB-AC34-4A03EF4EA3BE}.Release|x86.ActiveCfg = Release|Win32
		{05353C27-5DDD-4FEB-AC34-4A03EF4EA3BE}.Release|x86.Build.0 = Release|Win32
		{959A66CF-CEF9-4D09-9A07-03AE450EA664}.Debug|x64.ActiveCfg = Debug|x64
		{959A66CF-CEF9-4D09-9A07-03AE450EA664}.Debug|x64.Build.0 = Debug|x64
		{959A66CF-CEF9-4D09-9A07-03AE450EA664}.Debug|x86.ActiveCfg = Debug|Win32
		{959A66CF-CEF9-4D09-9A07-03AE450EA664}.Debug|x86.Build.0 = Debug|Win32
		{959A66CF-CEF9-4D09-9A07-03AE450EA664}.Release|x64.ActiveCfg = Release|x64
		{959A66CF-CEF9-4D09-9A07-03AE450EA664}.Release|x64.Build.0 = Release|x64
		{959A66CF-CEF9-4D09-9A07-03AE450EA664}.Release|x86.ActiveCfg = Release|Win32
		{959A66CF-CEF9-4D09-9A07-03AE450EA664}.Release|x86.Build.0 = Release|Win32
		{B483D8DE-B2D9-452C-A6B7-E49C6AB14BC2}.Debug|x64.ActiveCfg = Debug|x64
		{B483D8DE-B2D9-452C-A6B7-E49C6AB14BC2}.Debug|x64.Build.0 = Debug|x64
		{B483D8DE-B2D9-452C-A6B7-E49C6AB14BC2}.Debug|x86.ActiveCfg = Debug|Win32
		{B483D8DE-B2D9-452C-A6B7-E49C6AB14BC2}.Debug|x86.Build.0 = Debug|Win32
		{B483D8DE-B2D9-452C-A6B7-E49C6AB14BC2}.Release|x64.ActiveCfg = Release|x64
		{B483D8DE-B2D9-452C-A6B7-E49C6AB14BC2}.Release|x64.Build.0 = Release|x64
		{B483D8DE-B2D9-452C-A6B7-E49C6AB14BC2}.Release|x86.ActiveCfg = Release|Win32
		{B483D8DE-B2D9-452C-A6B7-E49C6AB14BC2}.Release|x86.Build.0 = Release|Win32
	EndGlobalSection
	GlobalSection(SolutionProperties) = preSolution
		HideSolutionNode = FALSE
	EndGlobalSection
	GlobalSection(ExtensibilityGlobals) = postSolution
		SolutionGuid = {CE444461-11BA-4FAE-A952-84B2141727C6}
	EndGlobalSection
EndGlobal
